
Microsoft Visual Studio Solution File, Format Version 12.00
# Visual Studio Version 16
VisualStudioVersion = 16.0.28729.10
MinimumVisualStudioVersion = 10.0.40219.1
Project("{9A19103F-16F7-4668-BE54-9A1E7A4F7556}") = "Blazor.Analytics", "Blazor.Analytics\Blazor.Analytics.csproj", "{E547547D-A5A6-40EB-AB7E-B7643C027956}"
EndProject
Project("{9A19103F-16F7-4668-BE54-9A1E7A4F7556}") = "DemoApp.Client", "..\demo\DemoApp\DemoApp.Client\DemoApp.Client.csproj", "{5E0059D1-80A7-48CE-94BB-1A531ADAF28F}"
EndProject
Project("{2150E333-8FDC-42A3-9474-1A3956D46DE8}") = "src", "src", "{7B38FE55-C10A-4194-B710-A8E379BABC23}"
EndProject
Project("{2150E333-8FDC-42A3-9474-1A3956D46DE8}") = "demo", "demo", "{1A9E8569-670C-43DE-BF58-210A48A45C4E}"
EndProject
Project("{9A19103F-16F7-4668-BE54-9A1E7A4F7556}") = "DemoApp.Server", "..\demo\DemoApp\DemoApp.Server\DemoApp.Server.csproj", "{8FCCE812-6A84-43DF-BBD7-0BDFF799903A}"
EndProject
Global
	GlobalSection(SolutionConfigurationPlatforms) = preSolution
		Debug|Any CPU = Debug|Any CPU
		Release|Any CPU = Release|Any CPU
	EndGlobalSection
	GlobalSection(ProjectConfigurationPlatforms) = postSolution
		{E547547D-A5A6-40EB-AB7E-B7643C027956}.Debug|Any CPU.ActiveCfg = Debug|Any CPU
		{E547547D-A5A6-40EB-AB7E-B7643C027956}.Debug|Any CPU.Build.0 = Debug|Any CPU
		{E547547D-A5A6-40EB-AB7E-B7643C027956}.Release|Any CPU.ActiveCfg = Release|Any CPU
		{E547547D-A5A6-40EB-AB7E-B7643C027956}.Release|Any CPU.Build.0 = Release|Any CPU
		{5E0059D1-80A7-48CE-94BB-1A531ADAF28F}.Debug|Any CPU.ActiveCfg = Debug|Any CPU
		{5E0059D1-80A7-48CE-94BB-1A531ADAF28F}.Debug|Any CPU.Build.0 = Debug|Any CPU
		{5E0059D1-80A7-48CE-94BB-1A531ADAF28F}.Release|Any CPU.ActiveCfg = Release|Any CPU
		{5E0059D1-80A7-48CE-94BB-1A531ADAF28F}.Release|Any CPU.Build.0 = Release|Any CPU
		{8FCCE812-6A84-43DF-BBD7-0BDFF799903A}.Debug|Any CPU.ActiveCfg = Debug|Any CPU
		{8FCCE812-6A84-43DF-BBD7-0BDFF799903A}.Debug|Any CPU.Build.0 = Debug|Any CPU
		{8FCCE812-6A84-43DF-BBD7-0BDFF799903A}.Release|Any CPU.ActiveCfg = Release|Any CPU
		{8FCCE812-6A84-43DF-BBD7-0BDFF799903A}.Release|Any CPU.Build.0 = Release|Any CPU
	EndGlobalSection
	GlobalSection(SolutionProperties) = preSolution
		HideSolutionNode = FALSE
	EndGlobalSection
	GlobalSection(NestedProjects) = preSolution
		{E547547D-A5A6-40EB-AB7E-B7643C027956} = {7B38FE55-C10A-4194-B710-A8E379BABC23}
		{5E0059D1-80A7-48CE-94BB-1A531ADAF28F} = {1A9E8569-670C-43DE-BF58-210A48A45C4E}
		{8FCCE812-6A84-43DF-BBD7-0BDFF799903A} = {1A9E8569-670C-43DE-BF58-210A48A45C4E}
	EndGlobalSection
	GlobalSection(ExtensibilityGlobals) = postSolution
		SolutionGuid = {C00ECA7B-3844-48F6-990F-1DB71DA00F9F}
	EndGlobalSection
EndGlobal
